
Microsoft Visual Studio Solution File, Format Version 12.00
# Visual Studio Version 16
VisualStudioVersion = 16.0.29326.143
MinimumVisualStudioVersion = 10.0.40219.1
Project("{FAE04EC0-301F-11D3-BF4B-00C04F79EFBC}") = "Laboratorio.Android", "Laboratorio\Laboratorio.Android\Laboratorio.Android.csproj", "{5F45C021-3DEE-4A93-9851-6858A4390228}"
EndProject
Project("{FAE04EC0-301F-11D3-BF4B-00C04F79EFBC}") = "Laboratorio.iOS", "Laboratorio\Laboratorio.iOS\Laboratorio.iOS.csproj", "{585A0FB1-57C4-4C81-9840-FF981E0D7C64}"
EndProject
Project("{FAE04EC0-301F-11D3-BF4B-00C04F79EFBC}") = "Laboratorio", "Laboratorio\Laboratorio\Laboratorio.csproj", "{0F72F30C-0EF4-420C-A3C6-BED1FC5B1828}"
EndProject
Global
	GlobalSection(SolutionConfigurationPlatforms) = preSolution
		Debug|Any CPU = Debug|Any CPU
		Debug|iPhone = Debug|iPhone
		Debug|iPhoneSimulator = Debug|iPhoneSimulator
		Release|Any CPU = Release|Any CPU
		Release|iPhone = Release|iPhone
		Release|iPhoneSimulator = Release|iPhoneSimulator
	EndGlobalSection
	GlobalSection(ProjectConfigurationPlatforms) = postSolution
		{5F45C021-3DEE-4A93-9851-6858A4390228}.Debug|Any CPU.ActiveCfg = Debug|Any CPU
		{5F45C021-3DEE-4A93-9851-6858A4390228}.Debug|Any CPU.Build.0 = Debug|Any CPU
		{5F45C021-3DEE-4A93-9851-6858A4390228}.Debug|Any CPU.Deploy.0 = Debug|Any CPU
		{5F45C021-3DEE-4A93-9851-6858A4390228}.Debug|iPhone.ActiveCfg = Debug|Any CPU
		{5F45C021-3DEE-4A93-9851-6858A4390228}.Debug|iPhone.Build.0 = Debug|Any CPU
		{5F45C021-3DEE-4A93-9851-6858A4390228}.Debug|iPhone.Deploy.0 = Debug|Any CPU
		{5F45C021-3DEE-4A93-9851-6858A4390228}.Debug|iPhoneSimulator.ActiveCfg = Debug|Any CPU
		{5F45C021-3DEE-4A93-9851-6858A4390228}.Debug|iPhoneSimulator.Build.0 = Debug|Any CPU
		{5F45C021-3DEE-4A93-9851-6858A4390228}.Debug|iPhoneSimulator.Deploy.0 = Debug|Any CPU
		{5F45C021-3DEE-4A93-9851-6858A4390228}.Release|Any CPU.ActiveCfg = Release|Any CPU
		{5F45C021-3DEE-4A93-9851-6858A4390228}.Release|Any CPU.Build.0 = Release|Any CPU
		{5F45C021-3DEE-4A93-9851-6858A4390228}.Release|Any CPU.Deploy.0 = Release|Any CPU
		{5F45C021-3DEE-4A93-9851-6858A4390228}.Release|iPhone.ActiveCfg = Release|Any CPU
		{5F45C021-3DEE-4A93-9851-6858A4390228}.Release|iPhone.Build.0 = Release|Any CPU
		{5F45C021-3DEE-4A93-9851-6858A4390228}.Release|iPhone.Deploy.0 = Release|Any CPU
		{5F45C021-3DEE-4A93-9851-6858A4390228}.Release|iPhoneSimulator.ActiveCfg = Release|Any CPU
		{5F45C021-3DEE-4A93-9851-6858A4390228}.Release|iPhoneSimulator.Build.0 = Release|Any CPU
		{5F45C021-3DEE-4A93-9851-6858A4390228}.Release|iPhoneSimulator.Deploy.0 = Release|Any CPU
		{585A0FB1-57C4-4C81-9840-FF981E0D7C64}.Debug|Any CPU.ActiveCfg = Debug|iPhoneSimulator
		{585A0FB1-57C4-4C81-9840-FF981E0D7C64}.Debug|Any CPU.Build.0 = Debug|iPhoneSimulator
		{585A0FB1-57C4-4C81-9840-FF981E0D7C64}.Debug|Any CPU.Deploy.0 = Debug|iPhoneSimulator
		{585A0FB1-57C4-4C81-9840-FF981E0D7C64}.Debug|iPhone.ActiveCfg = Debug|iPhone
		{585A0FB1-57C4-4C81-9840-FF981E0D7C64}.Debug|iPhone.Build.0 = Debug|iPhone
		{585A0FB1-57C4-4C81-9840-FF981E0D7C64}.Debug|iPhone.Deploy.0 = Debug|iPhone
		{585A0FB1-57C4-4C81-9840-FF981E0D7C64}.Debug|iPhoneSimulator.ActiveCfg = Debug|iPhoneSimulator
		{585A0FB1-57C4-4C81-9840-FF981E0D7C64}.Debug|iPhoneSimulator.Build.0 = Debug|iPhoneSimulator
		{585A0FB1-57C4-4C81-9840-FF981E0D7C64}.Debug|iPhoneSimulator.Deploy.0 = Debug|iPhoneSimulator
		{585A0FB1-57C4-4C81-9840-FF981E0D7C64}.Release|Any CPU.ActiveCfg = Release|iPhone
		{585A0FB1-57C4-4C81-9840-FF981E0D7C64}.Release|Any CPU.Build.0 = Release|iPhone
		{585A0FB1-57C4-4C81-9840-FF981E0D7C64}.Release|Any CPU.Deploy.0 = Release|iPhone
		{585A0FB1-57C4-4C81-9840-FF981E0D7C64}.Release|iPhone.ActiveCfg = Release|iPhone
		{585A0FB1-57C4-4C81-9840-FF981E0D7C64}.Release|iPhone.Build.0 = Release|iPhone
		{585A0FB1-57C4-4C81-9840-FF981E0D7C64}.Release|iPhone.Deploy.0 = Release|iPhone
		{585A0FB1-57C4-4C81-9840-FF981E0D7C64}.Release|iPhoneSimulator.ActiveCfg = Release|iPhoneSimulator
		{585A0FB1-57C4-4C81-9840-FF981E0D7C64}.Release|iPhoneSimulator.Build.0 = Release|iPhoneSimulator
		{585A0FB1-57C4-4C81-9840-FF981E0D7C64}.Release|iPhoneSimulator.Deploy.0 = Release|iPhoneSimulator
		{0F72F30C-0EF4-420C-A3C6-BED1FC5B1828}.Debug|Any CPU.ActiveCfg = Debug|Any CPU
		{0F72F30C-0EF4-420C-A3C6-BED1FC5B1828}.Debug|Any CPU.Build.0 = Debug|Any CPU
		{0F72F30C-0EF4-420C-A3C6-BED1FC5B1828}.Debug|Any CPU.Deploy.0 = Debug|Any CPU
		{0F72F30C-0EF4-420C-A3C6-BED1FC5B1828}.Debug|iPhone.ActiveCfg = Debug|Any CPU
		{0F72F30C-0EF4-420C-A3C6-BED1FC5B1828}.Debug|iPhone.Build.0 = Debug|Any CPU
		{0F72F30C-0EF4-420C-A3C6-BED1FC5B1828}.Debug|iPhone.Deploy.0 = Debug|Any CPU
		{0F72F30C-0EF4-420C-A3C6-BED1FC5B1828}.Debug|iPhoneSimulator.ActiveCfg = Debug|Any CPU
		{0F72F30C-0EF4-420C-A3C6-BED1FC5B1828}.Debug|iPhoneSimulator.Build.0 = Debug|Any CPU
		{0F72F30C-0EF4-420C-A3C6-BED1FC5B1828}.Debug|iPhoneSimulator.Deploy.0 = Debug|Any CPU
		{0F72F30C-0EF4-420C-A3C6-BED1FC5B1828}.Release|Any CPU.ActiveCfg = Release|Any CPU
		{0F72F30C-0EF4-420C-A3C6-BED1FC5B1828}.Release|Any CPU.Build.0 = Release|Any CPU
		{0F72F30C-0EF4-420C-A3C6-BED1FC5B1828}.Release|Any CPU.Deploy.0 = Release|Any CPU
		{0F72F30C-0EF4-420C-A3C6-BED1FC5B1828}.Release|iPhone.ActiveCfg = Release|Any CPU
		{0F72F30C-0EF4-420C-A3C6-BED1FC5B1828}.Release|iPhone.Build.0 = Release|Any CPU
		{0F72F30C-0EF4-420C-A3C6-BED1FC5B1828}.Release|iPhone.Deploy.0 = Release|Any CPU
		{0F72F30C-0EF4-420C-A3C6-BED1FC5B1828}.Release|iPhoneSimulator.ActiveCfg = Release|Any CPU
		{0F72F30C-0EF4-420C-A3C6-BED1FC5B1828}.Release|iPhoneSimulator.Build.0 = Release|Any CPU
		{0F72F30C-0EF4-420C-A3C6-BED1FC5B1828}.Release|iPhoneSimulator.Deploy.0 = Release|Any CPU
	EndGlobalSection
	GlobalSection(SolutionProperties) = preSolution
		HideSolutionNode = FALSE
	EndGlobalSection
	GlobalSection(ExtensibilityGlobals) = postSolution
		SolutionGuid = {03BD3AE9-CACF-402B-ACB2-8BEF3B030EEA}
	EndGlobalSection
EndGlobal
